
Microsoft Visual Studio Solution File, Format Version 12.00
# Visual Studio Version 17
VisualStudioVersion = 17.6.33815.320
MinimumVisualStudioVersion = 10.0.40219.1
Project("{8BC9CEB8-8B4A-11D0-8D11-00A0C91BC942}") = "entrainement_Gestion_Des_Exceptions_C++", "entrainement_Gestion_Des_Exceptions_C++.vcxproj", "{F4A8522E-111A-43E5-B6D2-AE19DD1ACA1F}"
EndProject
Global
	GlobalSection(SolutionConfigurationPlatforms) = preSolution
		Debug|x64 = Debug|x64
		Debug|x86 = Debug|x86
		Release|x64 = Release|x64
		Release|x86 = Release|x86
	EndGlobalSection
	GlobalSection(ProjectConfigurationPlatforms) = postSolution
		{F4A8522E-111A-43E5-B6D2-AE19DD1ACA1F}.Debug|x64.ActiveCfg = Debug|x64
		{F4A8522E-111A-43E5-B6D2-AE19DD1ACA1F}.Debug|x64.Build.0 = Debug|x64
		{F4A8522E-111A-43E5-B6D2-AE19DD1ACA1F}.Debug|x86.ActiveCfg = Debug|Win32
		{F4A8522E-111A-43E5-B6D2-AE19DD1ACA1F}.Debug|x86.Build.0 = Debug|Win32
		{F4A8522E-111A-43E5-B6D2-AE19DD1ACA1F}.Release|x64.ActiveCfg = Release|x64
		{F4A8522E-111A-43E5-B6D2-AE19DD1ACA1F}.Release|x64.Build.0 = Release|x64
		{F4A8522E-111A-43E5-B6D2-AE19DD1ACA1F}.Release|x86.ActiveCfg = Release|Win32
		{F4A8522E-111A-43E5-B6D2-AE19DD1ACA1F}.Release|x86.Build.0 = Release|Win32
	EndGlobalSection
	GlobalSection(SolutionProperties) = preSolution
		HideSolutionNode = FALSE
	EndGlobalSection
	GlobalSection(ExtensibilityGlobals) = postSolution
		SolutionGuid = {CB039CF5-7A19-4C3E-B41C-1465F1C4E53D}
	EndGlobalSection
EndGlobal
