
Microsoft Visual Studio Solution File, Format Version 12.00
# Visual Studio Version 17
VisualStudioVersion = 17.6.33815.320
MinimumVisualStudioVersion = 10.0.40219.1
Project("{8BC9CEB8-8B4A-11D0-8D11-00A0C91BC942}") = "entrainement_exo_bilan_C++", "entrainement_exo_bilan_C++.vcxproj", "{D6FA755F-3585-427F-BB0C-2CED8AEDDEDC}"
EndProject
Global
	GlobalSection(SolutionConfigurationPlatforms) = preSolution
		Debug|x64 = Debug|x64
		Debug|x86 = Debug|x86
		Release|x64 = Release|x64
		Release|x86 = Release|x86
	EndGlobalSection
	GlobalSection(ProjectConfigurationPlatforms) = postSolution
		{D6FA755F-3585-427F-BB0C-2CED8AEDDEDC}.Debug|x64.ActiveCfg = Debug|x64
		{D6FA755F-3585-427F-BB0C-2CED8AEDDEDC}.Debug|x64.Build.0 = Debug|x64
		{D6FA755F-3585-427F-BB0C-2CED8AEDDEDC}.Debug|x86.ActiveCfg = Debug|Win32
		{D6FA755F-3585-427F-BB0C-2CED8AEDDEDC}.Debug|x86.Build.0 = Debug|Win32
		{D6FA755F-3585-427F-BB0C-2CED8AEDDEDC}.Release|x64.ActiveCfg = Release|x64
		{D6FA755F-3585-427F-BB0C-2CED8AEDDEDC}.Release|x64.Build.0 = Release|x64
		{D6FA755F-3585-427F-BB0C-2CED8AEDDEDC}.Release|x86.ActiveCfg = Release|Win32
		{D6FA755F-3585-427F-BB0C-2CED8AEDDEDC}.Release|x86.Build.0 = Release|Win32
	EndGlobalSection
	GlobalSection(SolutionProperties) = preSolution
		HideSolutionNode = FALSE
	EndGlobalSection
	GlobalSection(ExtensibilityGlobals) = postSolution
		SolutionGuid = {59FB87C4-3BB9-404C-8AEF-B80199BFB2C8}
	EndGlobalSection
EndGlobal
