
Microsoft Visual Studio Solution File, Format Version 12.00
# Visual Studio Version 17
VisualStudioVersion = 17.6.33815.320
MinimumVisualStudioVersion = 10.0.40219.1
Project("{8BC9CEB8-8B4A-11D0-8D11-00A0C91BC942}") = "entrainement_instruction_GoTo_C++", "entrainement_instruction_GoTo_C++.vcxproj", "{28192368-469F-4E44-98EF-CB4A40EF7488}"
EndProject
Global
	GlobalSection(SolutionConfigurationPlatforms) = preSolution
		Debug|x64 = Debug|x64
		Debug|x86 = Debug|x86
		Release|x64 = Release|x64
		Release|x86 = Release|x86
	EndGlobalSection
	GlobalSection(ProjectConfigurationPlatforms) = postSolution
		{28192368-469F-4E44-98EF-CB4A40EF7488}.Debug|x64.ActiveCfg = Debug|x64
		{28192368-469F-4E44-98EF-CB4A40EF7488}.Debug|x64.Build.0 = Debug|x64
		{28192368-469F-4E44-98EF-CB4A40EF7488}.Debug|x86.ActiveCfg = Debug|Win32
		{28192368-469F-4E44-98EF-CB4A40EF7488}.Debug|x86.Build.0 = Debug|Win32
		{28192368-469F-4E44-98EF-CB4A40EF7488}.Release|x64.ActiveCfg = Release|x64
		{28192368-469F-4E44-98EF-CB4A40EF7488}.Release|x64.Build.0 = Release|x64
		{28192368-469F-4E44-98EF-CB4A40EF7488}.Release|x86.ActiveCfg = Release|Win32
		{28192368-469F-4E44-98EF-CB4A40EF7488}.Release|x86.Build.0 = Release|Win32
	EndGlobalSection
	GlobalSection(SolutionProperties) = preSolution
		HideSolutionNode = FALSE
	EndGlobalSection
	GlobalSection(ExtensibilityGlobals) = postSolution
		SolutionGuid = {945C1B44-D42A-469E-B05B-321EA1649256}
	EndGlobalSection
EndGlobal
